
Microsoft Visual Studio Solution File, Format Version 12.00
# Visual Studio Version 17
VisualStudioVersion = 17.5.002.0
MinimumVisualStudioVersion = 10.0.40219.1
Project("{9A19103F-16F7-4668-BE54-9A1E7A4F7556}") = "SampleWebProject", "SampleWebProject.csproj", "{09874974-D523-4F81-84B2-5E813C9FE999}"
EndProject
Global
	GlobalSection(SolutionConfigurationPlatforms) = preSolution
		Debug|Any CPU = Debug|Any CPU
		Release|Any CPU = Release|Any CPU
	EndGlobalSection
	GlobalSection(ProjectConfigurationPlatforms) = postSolution
		{09874974-D523-4F81-84B2-5E813C9FE999}.Debug|Any CPU.ActiveCfg = Debug|Any CPU
		{09874974-D523-4F81-84B2-5E813C9FE999}.Debug|Any CPU.Build.0 = Debug|Any CPU
		{09874974-D523-4F81-84B2-5E813C9FE999}.Release|Any CPU.ActiveCfg = Release|Any CPU
		{09874974-D523-4F81-84B2-5E813C9FE999}.Release|Any CPU.Build.0 = Release|Any CPU
	EndGlobalSection
	GlobalSection(SolutionProperties) = preSolution
		HideSolutionNode = FALSE
	EndGlobalSection
	GlobalSection(ExtensibilityGlobals) = postSolution
		SolutionGuid = {19B0D954-E5CB-4386-8716-7895709910F2}
	EndGlobalSection
EndGlobal
